
Microsoft Visual Studio Solution File, Format Version 12.00
# Visual Studio Version 17
VisualStudioVersion = 17.3.32929.385
MinimumVisualStudioVersion = 10.0.40219.1
Project("{FAE04EC0-301F-11D3-BF4B-00C04F79EFBC}") = "eTickets", "eTickets\eTickets.csproj", "{7996E32E-01A3-4CF4-A51A-9EBF907A24A0}"
EndProject
Global
	GlobalSection(SolutionConfigurationPlatforms) = preSolution
		Debug|Any CPU = Debug|Any CPU
		Release|Any CPU = Release|Any CPU
	EndGlobalSection
	GlobalSection(ProjectConfigurationPlatforms) = postSolution
		{7996E32E-01A3-4CF4-A51A-9EBF907A24A0}.Debug|Any CPU.ActiveCfg = Debug|Any CPU
		{7996E32E-01A3-4CF4-A51A-9EBF907A24A0}.Debug|Any CPU.Build.0 = Debug|Any CPU
		{7996E32E-01A3-4CF4-A51A-9EBF907A24A0}.Release|Any CPU.ActiveCfg = Release|Any CPU
		{7996E32E-01A3-4CF4-A51A-9EBF907A24A0}.Release|Any CPU.Build.0 = Release|Any CPU
	EndGlobalSection
	GlobalSection(SolutionProperties) = preSolution
		HideSolutionNode = FALSE
	EndGlobalSection
	GlobalSection(ExtensibilityGlobals) = postSolution
		SolutionGuid = {D74BCB04-DEF2-4423-B38E-6E7E122A4208}
	EndGlobalSection
EndGlobal
